{
  "requires": true,
  "lockfileVersion": 1,
  "dependencies": {
    "@sepalang/pado": {
      "version": "0.4.2",
      "resolved": "https://registry.npmjs.org/@sepalang/pado/-/pado-0.4.2.tgz",
      "integrity": "sha512-sq3KgGIEG1vgAZKIk54Gp0SLpkdFPDfBI0TPo4JmA/xBBham6m2CvXtFZPpBminjPiakODZAw3ihBXh7MQ7Ybg=="
    }
  }
}
